PODS:
  - Alamofire (5.4.1)
  - AlamofireImage (4.1.0):
    - Alamofire (~> 5.1)
  - ImageSlideshow (1.9.2):
    - ImageSlideshow/Core (= 1.9.2)
  - ImageSlideshow/Alamofire (1.9.2):
    - AlamofireImage (~> 4.0)
    - ImageSlideshow/Core
  - ImageSlideshow/Core (1.9.2)
  - lottie-ios (3.2.0)
  - UpstraUIKit (1.9.2)

DEPENDENCIES:
  - ImageSlideshow (~> 1.9.0)
  - ImageSlideshow/Alamofire
  - lottie-ios
  - UpstraUIKit (= 1.9.2)

SPEC REPOS:
  https://github.com/EkoCommunications/EkoMessagingSDKUIKit.git:
    - UpstraUIKit
  trunk:
    - Alamofire
    - AlamofireImage
    - ImageSlideshow
    - lottie-ios

SPEC CHECKSUMS:
  Alamofire: 2291f7d21ca607c491dd17642e5d40fdcda0e65c
  AlamofireImage: c4a2ba349885fb3064feb74d2e547bd42ce9be10
  ImageSlideshow: be305b54eaf2b2cfc7a7141c7c734605d44dc07d
  lottie-ios: b6b911246246a90a1d25e7388afe6d9ef003d293
  UpstraUIKit: 3ad9e252ef96cd2203b3d95bc21423d67445b630

PODFILE CHECKSUM: 012197ab84435cc9cb65d0cd043e020165c83e9b

COCOAPODS: 1.10.1
